// !$*UTF8*$!
{
	archiveVersion = 1;
	classes = {
	};
	objectVersion = 50;
	objects = {

/* Begin PBXBuildFile section */
		2D3674E0792E141DCFE74035 /* Pods_RunningAppServer.framework in Frameworks */ = {isa = PBXBuildFile; fileRef = 3006EF2022393A0B0037E9BC /* Pods_RunningAppServer.framework */; };
		3006EEDF223927820037E9BC /* R.generated.swift in Sources */ = {isa = PBXBuildFile; fileRef = 3006EEDE223927820037E9BC /* R.generated.swift */; };
		3006EEE9223928940037E9BC /* RunningAppServer.h in Headers */ = {isa = PBXBuildFile; fileRef = 3006EEE7223928940037E9BC /* RunningAppServer.h */; settings = {ATTRIBUTES = (Public, ); }; };
		3006EEED223928940037E9BC /* RunningAppServer.framework in Embed Frameworks */ = {isa = PBXBuildFile; fileRef = 3006EEE5223928940037E9BC /* RunningAppServer.framework */; settings = {ATTRIBUTES = (CodeSignOnCopy, RemoveHeadersOnCopy, ); }; };
		3006EEF3223929720037E9BC /* Server.swift in Sources */ = {isa = PBXBuildFile; fileRef = 3006EEF2223929720037E9BC /* Server.swift */; };
		3006EEF5223929AC0037E9BC /* Server+Constants.swift in Sources */ = {isa = PBXBuildFile; fileRef = 3006EEF4223929AC0037E9BC /* Server+Constants.swift */; };
		3006EEF722392A280037E9BC /* API.swift in Sources */ = {isa = PBXBuildFile; fileRef = 3006EEF622392A280037E9BC /* API.swift */; };
		3006EF0B223930F10037E9BC /* R.generated.swift in Sources */ = {isa = PBXBuildFile; fileRef = 3006EF0A223930F10037E9BC /* R.generated.swift */; };
		3006EF0E223931590037E9BC /* user.json in Resources */ = {isa = PBXBuildFile; fileRef = 3006EF0D223931590037E9BC /* user.json */; };
		3006EF142239361F0037E9BC /* ApplicationConfiguration.swift in Sources */ = {isa = PBXBuildFile; fileRef = 3006EF132239361F0037E9BC /* ApplicationConfiguration.swift */; };
		3006EF162239363A0037E9BC /* Configuration.swift in Sources */ = {isa = PBXBuildFile; fileRef = 3006EF152239363A0037E9BC /* Configuration.swift */; };
		3006EF18223936C40037E9BC /* ConfigurationType.swift in Sources */ = {isa = PBXBuildFile; fileRef = 3006EF17223936C40037E9BC /* ConfigurationType.swift */; };
		3006EF1D223937C40037E9BC /* TestConfiguration.swift in Sources */ = {isa = PBXBuildFile; fileRef = 3006EF1C223937C40037E9BC /* TestConfiguration.swift */; };
		3006EF1F223938160037E9BC /* ReleaseConfiguration.swift in Sources */ = {isa = PBXBuildFile; fileRef = 3006EF1E223938160037E9BC /* ReleaseConfiguration.swift */; };
		3006EF2122393A0B0037E9BC /* Pods_RunningAppServer.framework in Frameworks */ = {isa = PBXBuildFile; fileRef = 3006EF2022393A0B0037E9BC /* Pods_RunningAppServer.framework */; };
		3006EF2522393CF40037E9BC /* Coordinator.swift in Sources */ = {isa = PBXBuildFile; fileRef = 3006EF2422393CF40037E9BC /* Coordinator.swift */; };
		3006EF2722393D080037E9BC /* Coordinated.swift in Sources */ = {isa = PBXBuildFile; fileRef = 3006EF2622393D080037E9BC /* Coordinated.swift */; };
		3006EF2922393D220037E9BC /* ParentChildCoordinators.swift in Sources */ = {isa = PBXBuildFile; fileRef = 3006EF2822393D220037E9BC /* ParentChildCoordinators.swift */; };
		3006EF2C22393D500037E9BC /* AppCoordinator.swift in Sources */ = {isa = PBXBuildFile; fileRef = 3006EF2B22393D500037E9BC /* AppCoordinator.swift */; };
		3006EF3222393FE20037E9BC /* Action.swift in Sources */ = {isa = PBXBuildFile; fileRef = 3006EF3122393FE20037E9BC /* Action.swift */; };
		3006EF3422393FFB0037E9BC /* Actionable.swift in Sources */ = {isa = PBXBuildFile; fileRef = 3006EF3322393FFB0037E9BC /* Actionable.swift */; };
		3006EF37223940350037E9BC /* SwitchRootViewController.swift in Sources */ = {isa = PBXBuildFile; fileRef = 3006EF36223940350037E9BC /* SwitchRootViewController.swift */; };
		3006EF3B223941270037E9BC /* UIApplication+CurrentWindow.swift in Sources */ = {isa = PBXBuildFile; fileRef = 3006EF3A223941270037E9BC /* UIApplication+CurrentWindow.swift */; };
		3006EF3E223941590037E9BC /* Constant.swift in Sources */ = {isa = PBXBuildFile; fileRef = 3006EF3D223941590037E9BC /* Constant.swift */; };
		3006EF40223941730037E9BC /* Constant+RootViewControllerTransition.swift in Sources */ = {isa = PBXBuildFile; fileRef = 3006EF3F223941730037E9BC /* Constant+RootViewControllerTransition.swift */; };
		3006EF422239603C0037E9BC /* Op.swift in Sources */ = {isa = PBXBuildFile; fileRef = 3006EF412239603C0037E9BC /* Op.swift */; };
		3006EF45223965F90037E9BC /* Constant+SplashScreen.swift in Sources */ = {isa = PBXBuildFile; fileRef = 3006EF44223965F90037E9BC /* Constant+SplashScreen.swift */; };
		3006EF48223966540037E9BC /* Schedulers.swift in Sources */ = {isa = PBXBuildFile; fileRef = 3006EF47223966540037E9BC /* Schedulers.swift */; };
		3006EF4A2239667E0037E9BC /* Singleton.swift in Sources */ = {isa = PBXBuildFile; fileRef = 3006EF492239667E0037E9BC /* Singleton.swift */; };
		3006EF4D223968780037E9BC /* Repository.swift in Sources */ = {isa = PBXBuildFile; fileRef = 3006EF4C223968780037E9BC /* Repository.swift */; };
		3006EF50223968E50037E9BC /* Repository+Session.swift in Sources */ = {isa = PBXBuildFile; fileRef = 3006EF4F223968E50037E9BC /* Repository+Session.swift */; };
		3006EF52223969610037E9BC /* Repository+User.swift in Sources */ = {isa = PBXBuildFile; fileRef = 3006EF51223969610037E9BC /* Repository+User.swift */; };
		3006EF55223998D90037E9BC /* OnboardingCoordinator.swift in Sources */ = {isa = PBXBuildFile; fileRef = 3006EF54223998D90037E9BC /* OnboardingCoordinator.swift */; };
		3006EF5822399B1D0037E9BC /* LoginViewController.swift in Sources */ = {isa = PBXBuildFile; fileRef = 3006EF5722399B1D0037E9BC /* LoginViewController.swift */; };
		3006EF5A22399C530037E9BC /* Onboarding.storyboard in Resources */ = {isa = PBXBuildFile; fileRef = 3006EF5922399C530037E9BC /* Onboarding.storyboard */; };
		3006EF5E22399F140037E9BC /* OnboardingViewController.swift in Sources */ = {isa = PBXBuildFile; fileRef = 3006EF5D22399F140037E9BC /* OnboardingViewController.swift */; };
		3006EF612239A16F0037E9BC /* User.swift in Sources */ = {isa = PBXBuildFile; fileRef = 3006EF602239A16F0037E9BC /* User.swift */; };
		3006EF632239A2700037E9BC /* LoginViewModel.swift in Sources */ = {isa = PBXBuildFile; fileRef = 3006EF622239A2700037E9BC /* LoginViewModel.swift */; };
		3006EF652239A7820037E9BC /* LoginError.swift in Sources */ = {isa = PBXBuildFile; fileRef = 3006EF642239A7820037E9BC /* LoginError.swift */; };
		3006EF672239A7CE0037E9BC /* Constant+Auth.swift in Sources */ = {isa = PBXBuildFile; fileRef = 3006EF662239A7CE0037E9BC /* Constant+Auth.swift */; };
		3006EF692239A7FF0037E9BC /* String+IsEmail.swift in Sources */ = {isa = PBXBuildFile; fileRef = 3006EF682239A7FF0037E9BC /* String+IsEmail.swift */; };
		3006EF6C2239A9200037E9BC /* String+MatchesPattern.swift in Sources */ = {isa = PBXBuildFile; fileRef = 3006EF6B2239A9200037E9BC /* String+MatchesPattern.swift */; };
		3006EF8B2239ADE60037E9BC /* LocalizedStrings.strings in Resources */ = {isa = PBXBuildFile; fileRef = 3006EF8A2239ADE60037E9BC /* LocalizedStrings.strings */; };
		3006EF8D2239AF990037E9BC /* UIViewController+Push.swift in Sources */ = {isa = PBXBuildFile; fileRef = 3006EF8C2239AF990037E9BC /* UIViewController+Push.swift */; };
		3006EF8F2239B00F0037E9BC /* Array+Stack.swift in Sources */ = {isa = PBXBuildFile; fileRef = 3006EF8E2239B00F0037E9BC /* Array+Stack.swift */; };
		3006EF912239B2110037E9BC /* UITextField+SafeText.swift in Sources */ = {isa = PBXBuildFile; fileRef = 3006EF902239B2110037E9BC /* UITextField+SafeText.swift */; };
		3006EF932239B2410037E9BC /* PresentAlert.swift in Sources */ = {isa = PBXBuildFile; fileRef = 3006EF922239B2410037E9BC /* PresentAlert.swift */; };
		3006EF952239B3750037E9BC /* PresentViewController.swift in Sources */ = {isa = PBXBuildFile; fileRef = 3006EF942239B3750037E9BC /* PresentViewController.swift */; };
		3006EF972239B3A10037E9BC /* UIApplication+TopViewController.swift in Sources */ = {isa = PBXBuildFile; fileRef = 3006EF962239B3A10037E9BC /* UIApplication+TopViewController.swift */; };
		3006EF992239B41D0037E9BC /* NSObject+ClassName.swift in Sources */ = {isa = PBXBuildFile; fileRef = 3006EF982239B41D0037E9BC /* NSObject+ClassName.swift */; };
		3006EF9C2239B4AA0037E9BC /* AlertAction.swift in Sources */ = {isa = PBXBuildFile; fileRef = 3006EF9B2239B4AA0037E9BC /* AlertAction.swift */; };
		3006EF9E2239B6140037E9BC /* AlertAction+Default.swift in Sources */ = {isa = PBXBuildFile; fileRef = 3006EF9D2239B6140037E9BC /* AlertAction+Default.swift */; };
		30618A78223915F500E9E340 /* Podfile in Resources */ = {isa = PBXBuildFile; fileRef = 30618A77223915F500E9E340 /* Podfile */; };
		30794FC92239146A006065A5 /* AppDelegate.swift in Sources */ = {isa = PBXBuildFile; fileRef = 30794FC82239146A006065A5 /* AppDelegate.swift */; };
		30794FCB2239146A006065A5 /* ViewController.swift in Sources */ = {isa = PBXBuildFile; fileRef = 30794FCA2239146A006065A5 /* ViewController.swift */; };
		30794FCE2239146A006065A5 /* Main.storyboard in Resources */ = {isa = PBXBuildFile; fileRef = 30794FCC2239146A006065A5 /* Main.storyboard */; };
		30794FD02239146B006065A5 /* Assets.xcassets in Resources */ = {isa = PBXBuildFile; fileRef = 30794FCF2239146B006065A5 /* Assets.xcassets */; };
		30794FD32239146B006065A5 /* LaunchScreen.storyboard in Resources */ = {isa = PBXBuildFile; fileRef = 30794FD12239146B006065A5 /* LaunchScreen.storyboard */; };
		A22F373D7E75452DFE387223 /* Pods_RunningApp.framework in Frameworks */ = {isa = PBXBuildFile; fileRef = B60B2684A312A82453DEF3BE /* Pods_RunningApp.framework */; };
		CCD2E097F908989D9A3058AD /* Pods_RunningAppServer.framework in Frameworks */ = {isa = PBXBuildFile; fileRef = A9DF1DDB072B9CDF1299D1C9 /* Pods_RunningAppServer.framework */; };
/* End PBXBuildFile section */

/* Begin PBXContainerItemProxy section */
		3006EF0722392FCC0037E9BC /* PBXContainerItemProxy */ = {
			isa = PBXContainerItemProxy;
			containerPortal = 30794FBD2239146A006065A5 /* Project object */;
			proxyType = 1;
			remoteGlobalIDString = 3006EEE4223928940037E9BC;
			remoteInfo = RunningAppServer;
		};
/* End PBXContainerItemProxy section */

/* Begin PBXCopyFilesBuildPhase section */
		3006EEF1223928940037E9BC /* Embed Frameworks */ = {
			isa = PBXCopyFilesBuildPhase;
			buildActionMask = 2147483647;
			dstPath = "";
			dstSubfolderSpec = 10;
			files = (
				3006EEED223928940037E9BC /* RunningAppServer.framework in Embed Frameworks */,
			);
			name = "Embed Frameworks";
			runOnlyForDeploymentPostprocessing = 0;
		};
/* End PBXCopyFilesBuildPhase section */

/* Begin PBXFileReference section */
		3006EEDE223927820037E9BC /* R.generated.swift */ = {isa = PBXFileReference; fileEncoding = 4; lastKnownFileType = sourcecode.swift; path = R.generated.swift; sourceTree = "<group>"; };
		3006EEE5223928940037E9BC /* RunningAppServer.framework */ = {isa = PBXFileReference; explicitFileType = wrapper.framework; includeInIndex = 0; path = RunningAppServer.framework; sourceTree = BUILT_PRODUCTS_DIR; };
		3006EEE7223928940037E9BC /* RunningAppServer.h */ = {isa = PBXFileReference; lastKnownFileType = sourcecode.c.h; path = RunningAppServer.h; sourceTree = "<group>"; };
		3006EEE8223928940037E9BC /* Info.plist */ = {isa = PBXFileReference; lastKnownFileType = text.plist.xml; path = Info.plist; sourceTree = "<group>"; };
		3006EEF2223929720037E9BC /* Server.swift */ = {isa = PBXFileReference; lastKnownFileType = sourcecode.swift; path = Server.swift; sourceTree = "<group>"; };
		3006EEF4223929AC0037E9BC /* Server+Constants.swift */ = {isa = PBXFileReference; lastKnownFileType = sourcecode.swift; path = "Server+Constants.swift"; sourceTree = "<group>"; };
		3006EEF622392A280037E9BC /* API.swift */ = {isa = PBXFileReference; lastKnownFileType = sourcecode.swift; path = API.swift; sourceTree = "<group>"; };
		3006EF0A223930F10037E9BC /* R.generated.swift */ = {isa = PBXFileReference; fileEncoding = 4; lastKnownFileType = sourcecode.swift; path = R.generated.swift; sourceTree = "<group>"; };
		3006EF0D223931590037E9BC /* user.json */ = {isa = PBXFileReference; lastKnownFileType = text.json; path = user.json; sourceTree = "<group>"; };
		3006EF132239361F0037E9BC /* ApplicationConfiguration.swift */ = {isa = PBXFileReference; lastKnownFileType = sourcecode.swift; path = ApplicationConfiguration.swift; sourceTree = "<group>"; };
		3006EF152239363A0037E9BC /* Configuration.swift */ = {isa = PBXFileReference; lastKnownFileType = sourcecode.swift; path = Configuration.swift; sourceTree = "<group>"; };
		3006EF17223936C40037E9BC /* ConfigurationType.swift */ = {isa = PBXFileReference; lastKnownFileType = sourcecode.swift; path = ConfigurationType.swift; sourceTree = "<group>"; };
		3006EF1C223937C40037E9BC /* TestConfiguration.swift */ = {isa = PBXFileReference; lastKnownFileType = sourcecode.swift; path = TestConfiguration.swift; sourceTree = "<group>"; };
		3006EF1E223938160037E9BC /* ReleaseConfiguration.swift */ = {isa = PBXFileReference; lastKnownFileType = sourcecode.swift; path = ReleaseConfiguration.swift; sourceTree = "<group>"; };
		3006EF2022393A0B0037E9BC /* Pods_RunningAppServer.framework */ = {isa = PBXFileReference; explicitFileType = wrapper.framework; path = Pods_RunningAppServer.framework; sourceTree = BUILT_PRODUCTS_DIR; };
		3006EF2422393CF40037E9BC /* Coordinator.swift */ = {isa = PBXFileReference; lastKnownFileType = sourcecode.swift; path = Coordinator.swift; sourceTree = "<group>"; };
		3006EF2622393D080037E9BC /* Coordinated.swift */ = {isa = PBXFileReference; lastKnownFileType = sourcecode.swift; path = Coordinated.swift; sourceTree = "<group>"; };
		3006EF2822393D220037E9BC /* ParentChildCoordinators.swift */ = {isa = PBXFileReference; lastKnownFileType = sourcecode.swift; path = ParentChildCoordinators.swift; sourceTree = "<group>"; };
		3006EF2B22393D500037E9BC /* AppCoordinator.swift */ = {isa = PBXFileReference; lastKnownFileType = sourcecode.swift; path = AppCoordinator.swift; sourceTree = "<group>"; };
		3006EF3122393FE20037E9BC /* Action.swift */ = {isa = PBXFileReference; lastKnownFileType = sourcecode.swift; path = Action.swift; sourceTree = "<group>"; };
		3006EF3322393FFB0037E9BC /* Actionable.swift */ = {isa = PBXFileReference; lastKnownFileType = sourcecode.swift; path = Actionable.swift; sourceTree = "<group>"; };
		3006EF36223940350037E9BC /* SwitchRootViewController.swift */ = {isa = PBXFileReference; lastKnownFileType = sourcecode.swift; path = SwitchRootViewController.swift; sourceTree = "<group>"; };
		3006EF3A223941270037E9BC /* UIApplication+CurrentWindow.swift */ = {isa = PBXFileReference; lastKnownFileType = sourcecode.swift; path = "UIApplication+CurrentWindow.swift"; sourceTree = "<group>"; };
		3006EF3D223941590037E9BC /* Constant.swift */ = {isa = PBXFileReference; lastKnownFileType = sourcecode.swift; path = Constant.swift; sourceTree = "<group>"; };
		3006EF3F223941730037E9BC /* Constant+RootViewControllerTransition.swift */ = {isa = PBXFileReference; lastKnownFileType = sourcecode.swift; path = "Constant+RootViewControllerTransition.swift"; sourceTree = "<group>"; };
		3006EF412239603C0037E9BC /* Op.swift */ = {isa = PBXFileReference; lastKnownFileType = sourcecode.swift; path = Op.swift; sourceTree = "<group>"; };
		3006EF44223965F90037E9BC /* Constant+SplashScreen.swift */ = {isa = PBXFileReference; lastKnownFileType = sourcecode.swift; path = "Constant+SplashScreen.swift"; sourceTree = "<group>"; };
		3006EF47223966540037E9BC /* Schedulers.swift */ = {isa = PBXFileReference; lastKnownFileType = sourcecode.swift; path = Schedulers.swift; sourceTree = "<group>"; };
		3006EF492239667E0037E9BC /* Singleton.swift */ = {isa = PBXFileReference; lastKnownFileType = sourcecode.swift; path = Singleton.swift; sourceTree = "<group>"; };
		3006EF4C223968780037E9BC /* Repository.swift */ = {isa = PBXFileReference; lastKnownFileType = sourcecode.swift; path = Repository.swift; sourceTree = "<group>"; };
		3006EF4F223968E50037E9BC /* Repository+Session.swift */ = {isa = PBXFileReference; lastKnownFileType = sourcecode.swift; path = "Repository+Session.swift"; sourceTree = "<group>"; };
		3006EF51223969610037E9BC /* Repository+User.swift */ = {isa = PBXFileReference; lastKnownFileType = sourcecode.swift; path = "Repository+User.swift"; sourceTree = "<group>"; };
		3006EF54223998D90037E9BC /* OnboardingCoordinator.swift */ = {isa = PBXFileReference; lastKnownFileType = sourcecode.swift; path = OnboardingCoordinator.swift; sourceTree = "<group>"; };
		3006EF5722399B1D0037E9BC /* LoginViewController.swift */ = {isa = PBXFileReference; lastKnownFileType = sourcecode.swift; path = LoginViewController.swift; sourceTree = "<group>"; };
		3006EF5922399C530037E9BC /* Onboarding.storyboard */ = {isa = PBXFileReference; lastKnownFileType = file.storyboard; path = Onboarding.storyboard; sourceTree = "<group>"; };
		3006EF5D22399F140037E9BC /* OnboardingViewController.swift */ = {isa = PBXFileReference; lastKnownFileType = sourcecode.swift; path = OnboardingViewController.swift; sourceTree = "<group>"; };
		3006EF602239A16F0037E9BC /* User.swift */ = {isa = PBXFileReference; lastKnownFileType = sourcecode.swift; path = User.swift; sourceTree = "<group>"; };
		3006EF622239A2700037E9BC /* LoginViewModel.swift */ = {isa = PBXFileReference; lastKnownFileType = sourcecode.swift; path = LoginViewModel.swift; sourceTree = "<group>"; };
		3006EF642239A7820037E9BC /* LoginError.swift */ = {isa = PBXFileReference; lastKnownFileType = sourcecode.swift; path = LoginError.swift; sourceTree = "<group>"; };
		3006EF662239A7CE0037E9BC /* Constant+Auth.swift */ = {isa = PBXFileReference; lastKnownFileType = sourcecode.swift; path = "Constant+Auth.swift"; sourceTree = "<group>"; };
		3006EF682239A7FF0037E9BC /* String+IsEmail.swift */ = {isa = PBXFileReference; lastKnownFileType = sourcecode.swift; path = "String+IsEmail.swift"; sourceTree = "<group>"; };
		3006EF6B2239A9200037E9BC /* String+MatchesPattern.swift */ = {isa = PBXFileReference; lastKnownFileType = sourcecode.swift; path = "String+MatchesPattern.swift"; sourceTree = "<group>"; };
		3006EF8A2239ADE60037E9BC /* LocalizedStrings.strings */ = {isa = PBXFileReference; lastKnownFileType = text.plist.strings; path = LocalizedStrings.strings; sourceTree = "<group>"; };
		3006EF8C2239AF990037E9BC /* UIViewController+Push.swift */ = {isa = PBXFileReference; lastKnownFileType = sourcecode.swift; path = "UIViewController+Push.swift"; sourceTree = "<group>"; };
		3006EF8E2239B00F0037E9BC /* Array+Stack.swift */ = {isa = PBXFileReference; lastKnownFileType = sourcecode.swift; path = "Array+Stack.swift"; sourceTree = "<group>"; };
		3006EF902239B2110037E9BC /* UITextField+SafeText.swift */ = {isa = PBXFileReference; lastKnownFileType = sourcecode.swift; path = "UITextField+SafeText.swift"; sourceTree = "<group>"; };
		3006EF922239B2410037E9BC /* PresentAlert.swift */ = {isa = PBXFileReference; lastKnownFileType = sourcecode.swift; path = PresentAlert.swift; sourceTree = "<group>"; };
		3006EF942239B3750037E9BC /* PresentViewController.swift */ = {isa = PBXFileReference; lastKnownFileType = sourcecode.swift; path = PresentViewController.swift; sourceTree = "<group>"; };
		3006EF962239B3A10037E9BC /* UIApplication+TopViewController.swift */ = {isa = PBXFileReference; lastKnownFileType = sourcecode.swift; path = "UIApplication+TopViewController.swift"; sourceTree = "<group>"; };
		3006EF982239B41D0037E9BC /* NSObject+ClassName.swift */ = {isa = PBXFileReference; lastKnownFileType = sourcecode.swift; path = "NSObject+ClassName.swift"; sourceTree = "<group>"; };
		3006EF9B2239B4AA0037E9BC /* AlertAction.swift */ = {isa = PBXFileReference; lastKnownFileType = sourcecode.swift; path = AlertAction.swift; sourceTree = "<group>"; };
		3006EF9D2239B6140037E9BC /* AlertAction+Default.swift */ = {isa = PBXFileReference; lastKnownFileType = sourcecode.swift; path = "AlertAction+Default.swift"; sourceTree = "<group>"; };
		30618A77223915F500E9E340 /* Podfile */ = {isa = PBXFileReference; fileEncoding = 4; lastKnownFileType = text; path = Podfile; sourceTree = "<group>"; xcLanguageSpecificationIdentifier = xcode.lang.ruby; };
		30794FC52239146A006065A5 /* RunningApp.app */ = {isa = PBXFileReference; explicitFileType = wrapper.application; includeInIndex = 0; path = RunningApp.app; sourceTree = BUILT_PRODUCTS_DIR; };
		30794FC82239146A006065A5 /* AppDelegate.swift */ = {isa = PBXFileReference; lastKnownFileType = sourcecode.swift; path = AppDelegate.swift; sourceTree = "<group>"; };
		30794FCA2239146A006065A5 /* ViewController.swift */ = {isa = PBXFileReference; lastKnownFileType = sourcecode.swift; path = ViewController.swift; sourceTree = "<group>"; };
		30794FCD2239146A006065A5 /* Base */ = {isa = PBXFileReference; lastKnownFileType = file.storyboard; name = Base; path = Base.lproj/Main.storyboard; sourceTree = "<group>"; };
		30794FCF2239146B006065A5 /* Assets.xcassets */ = {isa = PBXFileReference; lastKnownFileType = folder.assetcatalog; path = Assets.xcassets; sourceTree = "<group>"; };
		30794FD22239146B006065A5 /* Base */ = {isa = PBXFileReference; lastKnownFileType = file.storyboard; name = Base; path = Base.lproj/LaunchScreen.storyboard; sourceTree = "<group>"; };
		30794FD42239146B006065A5 /* Info.plist */ = {isa = PBXFileReference; lastKnownFileType = text.plist.xml; path = Info.plist; sourceTree = "<group>"; };
		466307912C28117AF2400FD8 /* Pods-RunningApp.debug.xcconfig */ = {isa = PBXFileReference; includeInIndex = 1; lastKnownFileType = text.xcconfig; name = "Pods-RunningApp.debug.xcconfig"; path = "Target Support Files/Pods-RunningApp/Pods-RunningApp.debug.xcconfig"; sourceTree = "<group>"; };
		A9DF1DDB072B9CDF1299D1C9 /* Pods_RunningAppServer.framework */ = {isa = PBXFileReference; explicitFileType = wrapper.framework; includeInIndex = 0; path = Pods_RunningAppServer.framework; sourceTree = BUILT_PRODUCTS_DIR; };
		B60B2684A312A82453DEF3BE /* Pods_RunningApp.framework */ = {isa = PBXFileReference; explicitFileType = wrapper.framework; includeInIndex = 0; path = Pods_RunningApp.framework; sourceTree = BUILT_PRODUCTS_DIR; };
		CC2F443B478A16C66B6C4CA0 /* Pods-RunningAppServer.test.xcconfig */ = {isa = PBXFileReference; includeInIndex = 1; lastKnownFileType = text.xcconfig; name = "Pods-RunningAppServer.test.xcconfig"; path = "Target Support Files/Pods-RunningAppServer/Pods-RunningAppServer.test.xcconfig"; sourceTree = "<group>"; };
		E9EEBFB8D62724EC28BF921B /* Pods-RunningAppServer.release.xcconfig */ = {isa = PBXFileReference; includeInIndex = 1; lastKnownFileType = text.xcconfig; name = "Pods-RunningAppServer.release.xcconfig"; path = "Target Support Files/Pods-RunningAppServer/Pods-RunningAppServer.release.xcconfig"; sourceTree = "<group>"; };
		EB272CDFF020CAE76191989E /* Pods-RunningApp.release.xcconfig */ = {isa = PBXFileReference; includeInIndex = 1; lastKnownFileType = text.xcconfig; name = "Pods-RunningApp.release.xcconfig"; path = "Target Support Files/Pods-RunningApp/Pods-RunningApp.release.xcconfig"; sourceTree = "<group>"; };
		F9BE4CBE22F4E685E92E2540 /* Pods-RunningApp.test.xcconfig */ = {isa = PBXFileReference; includeInIndex = 1; lastKnownFileType = text.xcconfig; name = "Pods-RunningApp.test.xcconfig"; path = "Target Support Files/Pods-RunningApp/Pods-RunningApp.test.xcconfig"; sourceTree = "<group>"; };
		FF78E2855C52FFA7BDD7F009 /* Pods-RunningAppServer.debug.xcconfig */ = {isa = PBXFileReference; includeInIndex = 1; lastKnownFileType = text.xcconfig; name = "Pods-RunningAppServer.debug.xcconfig"; path = "Target Support Files/Pods-RunningAppServer/Pods-RunningAppServer.debug.xcconfig"; sourceTree = "<group>"; };
/* End PBXFileReference section */

/* Begin PBXFrameworksBuildPhase section */
		3006EEE2223928940037E9BC /* Frameworks */ = {
			isa = PBXFrameworksBuildPhase;
			buildActionMask = 2147483647;
			files = (
				CCD2E097F908989D9A3058AD /* Pods_RunningAppServer.framework in Frameworks */,
				2D3674E0792E141DCFE74035 /* Pods_RunningAppServer.framework in Frameworks */,
			);
			runOnlyForDeploymentPostprocessing = 0;
		};
		30794FC22239146A006065A5 /* Frameworks */ = {
			isa = PBXFrameworksBuildPhase;
			buildActionMask = 2147483647;
			files = (
				3006EF2122393A0B0037E9BC /* Pods_RunningAppServer.framework in Frameworks */,
				A22F373D7E75452DFE387223 /* Pods_RunningApp.framework in Frameworks */,
			);
			runOnlyForDeploymentPostprocessing = 0;
		};
/* End PBXFrameworksBuildPhase section */

/* Begin PBXGroup section */
		3006EEE6223928940037E9BC /* RunningAppServer */ = {
			isa = PBXGroup;
			children = (
				3006EF0C223931470037E9BC /* Data */,
				3006EF0A223930F10037E9BC /* R.generated.swift */,
				3006EEE7223928940037E9BC /* RunningAppServer.h */,
				3006EEE8223928940037E9BC /* Info.plist */,
				3006EEF2223929720037E9BC /* Server.swift */,
				3006EEF4223929AC0037E9BC /* Server+Constants.swift */,
				3006EEF622392A280037E9BC /* API.swift */,
			);
			path = RunningAppServer;
			sourceTree = "<group>";
		};
		3006EF0C223931470037E9BC /* Data */ = {
			isa = PBXGroup;
			children = (
				3006EF0D223931590037E9BC /* user.json */,
			);
			path = Data;
			sourceTree = "<group>";
		};
		3006EF11223935F50037E9BC /* Models */ = {
			isa = PBXGroup;
			children = (
				3006EF5F2239A15F0037E9BC /* DomainModels */,
				3006EF46223966410037E9BC /* Schedulers */,
				3006EF3C223941510037E9BC /* Constants */,
				3006EF2322393CE00037E9BC /* Coordinator */,
				3006EF122239360A0037E9BC /* Configuration */,
				3006EF412239603C0037E9BC /* Op.swift */,
				3006EF492239667E0037E9BC /* Singleton.swift */,
			);
			path = Models;
			sourceTree = "<group>";
		};
		3006EF122239360A0037E9BC /* Configuration */ = {
			isa = PBXGroup;
			children = (
				3006EF132239361F0037E9BC /* ApplicationConfiguration.swift */,
				3006EF152239363A0037E9BC /* Configuration.swift */,
				3006EF17223936C40037E9BC /* ConfigurationType.swift */,
				3006EF1C223937C40037E9BC /* TestConfiguration.swift */,
				3006EF1E223938160037E9BC /* ReleaseConfiguration.swift */,
			);
			path = Configuration;
			sourceTree = "<group>";
		};
		3006EF2222393C9C0037E9BC /* App */ = {
			isa = PBXGroup;
			children = (
				3006EF53223998C90037E9BC /* Onboarding */,
				3006EF35223940260037E9BC /* Actions */,
				3006EF2A22393D470037E9BC /* Launch */,
			);
			path = App;
			sourceTree = "<group>";
		};
		3006EF2322393CE00037E9BC /* Coordinator */ = {
			isa = PBXGroup;
			children = (
				3006EF2422393CF40037E9BC /* Coordinator.swift */,
				3006EF2622393D080037E9BC /* Coordinated.swift */,
				3006EF2822393D220037E9BC /* ParentChildCoordinators.swift */,
			);
			path = Coordinator;
			sourceTree = "<group>";
		};
		3006EF2A22393D470037E9BC /* Launch */ = {
			isa = PBXGroup;
			children = (
				30794FD12239146B006065A5 /* LaunchScreen.storyboard */,
				3006EF2B22393D500037E9BC /* AppCoordinator.swift */,
			);
			path = Launch;
			sourceTree = "<group>";
		};
		3006EF2F22393FCE0037E9BC /* Components */ = {
			isa = PBXGroup;
			children = (
				3006EF9A2239B4A10037E9BC /* Alert */,
				3006EF3022393FD50037E9BC /* Action */,
			);
			path = Components;
			sourceTree = "<group>";
		};
		3006EF3022393FD50037E9BC /* Action */ = {
			isa = PBXGroup;
			children = (
				3006EF3122393FE20037E9BC /* Action.swift */,
				3006EF3322393FFB0037E9BC /* Actionable.swift */,
			);
			path = Action;
			sourceTree = "<group>";
		};
		3006EF35223940260037E9BC /* Actions */ = {
			isa = PBXGroup;
			children = (
				3006EF36223940350037E9BC /* SwitchRootViewController.swift */,
				3006EF922239B2410037E9BC /* PresentAlert.swift */,
				3006EF942239B3750037E9BC /* PresentViewController.swift */,
			);
			path = Actions;
			sourceTree = "<group>";
		};
		3006EF38223941060037E9BC /* Extensions */ = {
			isa = PBXGroup;
			children = (
				3006EF6A2239A9130037E9BC /* String */,
				3006EF39223941140037E9BC /* UIApplication */,
				3006EF8C2239AF990037E9BC /* UIViewController+Push.swift */,
				3006EF8E2239B00F0037E9BC /* Array+Stack.swift */,
				3006EF902239B2110037E9BC /* UITextField+SafeText.swift */,
				3006EF982239B41D0037E9BC /* NSObject+ClassName.swift */,
			);
			path = Extensions;
			sourceTree = "<group>";
		};
		3006EF39223941140037E9BC /* UIApplication */ = {
			isa = PBXGroup;
			children = (
				3006EF3A223941270037E9BC /* UIApplication+CurrentWindow.swift */,
				3006EF962239B3A10037E9BC /* UIApplication+TopViewController.swift */,
			);
			path = UIApplication;
			sourceTree = "<group>";
		};
		3006EF3C223941510037E9BC /* Constants */ = {
			isa = PBXGroup;
			children = (
				3006EF3D223941590037E9BC /* Constant.swift */,
				3006EF3F223941730037E9BC /* Constant+RootViewControllerTransition.swift */,
				3006EF44223965F90037E9BC /* Constant+SplashScreen.swift */,
				3006EF662239A7CE0037E9BC /* Constant+Auth.swift */,
			);
			path = Constants;
			sourceTree = "<group>";
		};
		3006EF46223966410037E9BC /* Schedulers */ = {
			isa = PBXGroup;
			children = (
				3006EF47223966540037E9BC /* Schedulers.swift */,
			);
			path = Schedulers;
			sourceTree = "<group>";
		};
		3006EF4E223968BE0037E9BC /* Repository */ = {
			isa = PBXGroup;
			children = (
				3006EF4C223968780037E9BC /* Repository.swift */,
				3006EF4F223968E50037E9BC /* Repository+Session.swift */,
				3006EF51223969610037E9BC /* Repository+User.swift */,
			);
			path = Repository;
			sourceTree = "<group>";
		};
		3006EF53223998C90037E9BC /* Onboarding */ = {
			isa = PBXGroup;
			children = (
				3006EF5622399B120037E9BC /* Auth */,
				3006EF54223998D90037E9BC /* OnboardingCoordinator.swift */,
				3006EF5922399C530037E9BC /* Onboarding.storyboard */,
				3006EF5D22399F140037E9BC /* OnboardingViewController.swift */,
			);
			path = Onboarding;
			sourceTree = "<group>";
		};
		3006EF5622399B120037E9BC /* Auth */ = {
			isa = PBXGroup;
			children = (
				3006EF5722399B1D0037E9BC /* LoginViewController.swift */,
				3006EF622239A2700037E9BC /* LoginViewModel.swift */,
				3006EF642239A7820037E9BC /* LoginError.swift */,
			);
			path = Auth;
			sourceTree = "<group>";
		};
		3006EF5F2239A15F0037E9BC /* DomainModels */ = {
			isa = PBXGroup;
			children = (
				3006EF602239A16F0037E9BC /* User.swift */,
			);
			path = DomainModels;
			sourceTree = "<group>";
		};
		3006EF6A2239A9130037E9BC /* String */ = {
			isa = PBXGroup;
			children = (
				3006EF682239A7FF0037E9BC /* String+IsEmail.swift */,
				3006EF6B2239A9200037E9BC /* String+MatchesPattern.swift */,
			);
			path = String;
			sourceTree = "<group>";
		};
		3006EF6D2239AC7D0037E9BC /* SupportingFiles */ = {
			isa = PBXGroup;
			children = (
				3006EF8A2239ADE60037E9BC /* LocalizedStrings.strings */,
			);
			path = SupportingFiles;
			sourceTree = "<group>";
		};
		3006EF9A2239B4A10037E9BC /* Alert */ = {
			isa = PBXGroup;
			children = (
				3006EF9B2239B4AA0037E9BC /* AlertAction.swift */,
				3006EF9D2239B6140037E9BC /* AlertAction+Default.swift */,
			);
			path = Alert;
			sourceTree = "<group>";
		};
		30794FBC2239146A006065A5 = {
			isa = PBXGroup;
			children = (
				30618A77223915F500E9E340 /* Podfile */,
				3006EEDE223927820037E9BC /* R.generated.swift */,
				30794FC72239146A006065A5 /* RunningApp */,
				3006EEE6223928940037E9BC /* RunningAppServer */,
				30794FC62239146A006065A5 /* Products */,
				81FD1B3F8BF3C62BB39CA182 /* Pods */,
				8AFFE3D3226BAFF07E1642CF /* Frameworks */,
			);
			sourceTree = "<group>";
		};
		30794FC62239146A006065A5 /* Products */ = {
			isa = PBXGroup;
			children = (
				30794FC52239146A006065A5 /* RunningApp.app */,
				3006EEE5223928940037E9BC /* RunningAppServer.framework */,
			);
			name = Products;
			sourceTree = "<group>";
		};
		30794FC72239146A006065A5 /* RunningApp */ = {
			isa = PBXGroup;
			children = (
				3006EF6D2239AC7D0037E9BC /* SupportingFiles */,
				3006EF4E223968BE0037E9BC /* Repository */,
				3006EF38223941060037E9BC /* Extensions */,
				3006EF2F22393FCE0037E9BC /* Components */,
				3006EF2222393C9C0037E9BC /* App */,
				3006EF11223935F50037E9BC /* Models */,
				30794FC82239146A006065A5 /* AppDelegate.swift */,
				30794FCA2239146A006065A5 /* ViewController.swift */,
				30794FCC2239146A006065A5 /* Main.storyboard */,
				30794FCF2239146B006065A5 /* Assets.xcassets */,
				30794FD42239146B006065A5 /* Info.plist */,
			);
			path = RunningApp;
			sourceTree = "<group>";
		};
		81FD1B3F8BF3C62BB39CA182 /* Pods */ = {
			isa = PBXGroup;
			children = (
				466307912C28117AF2400FD8 /* Pods-RunningApp.debug.xcconfig */,
				EB272CDFF020CAE76191989E /* Pods-RunningApp.release.xcconfig */,
				FF78E2855C52FFA7BDD7F009 /* Pods-RunningAppServer.debug.xcconfig */,
				E9EEBFB8D62724EC28BF921B /* Pods-RunningAppServer.release.xcconfig */,
				F9BE4CBE22F4E685E92E2540 /* Pods-RunningApp.test.xcconfig */,
				CC2F443B478A16C66B6C4CA0 /* Pods-RunningAppServer.test.xcconfig */,
			);
			path = Pods;
			sourceTree = "<group>";
		};
		8AFFE3D3226BAFF07E1642CF /* Frameworks */ = {
			isa = PBXGroup;
			children = (
				3006EF2022393A0B0037E9BC /* Pods_RunningAppServer.framework */,
				B60B2684A312A82453DEF3BE /* Pods_RunningApp.framework */,
				A9DF1DDB072B9CDF1299D1C9 /* Pods_RunningAppServer.framework */,
			);
			name = Frameworks;
			sourceTree = "<group>";
		};
/* End PBXGroup section */

/* Begin PBXHeadersBuildPhase section */
		3006EEE0223928940037E9BC /* Headers */ = {
			isa = PBXHeadersBuildPhase;
			buildActionMask = 2147483647;
			files = (
				3006EEE9223928940037E9BC /* RunningAppServer.h in Headers */,
			);
			runOnlyForDeploymentPostprocessing = 0;
		};
/* End PBXHeadersBuildPhase section */

/* Begin PBXNativeTarget section */
		3006EEE4223928940037E9BC /* RunningAppServer */ = {
			isa = PBXNativeTarget;
			buildConfigurationList = 3006EEEE223928940037E9BC /* Build configuration list for PBXNativeTarget "RunningAppServer" */;
			buildPhases = (
				0FA5749029F231CF8E32C75B /* [CP] Check Pods Manifest.lock */,
				3006EF09223930700037E9BC /* R.swift */,
				3006EEE0223928940037E9BC /* Headers */,
				3006EEE1223928940037E9BC /* Sources */,
				3006EEE2223928940037E9BC /* Frameworks */,
				3006EEE3223928940037E9BC /* Resources */,
			);
			buildRules = (
			);
			dependencies = (
			);
			name = RunningAppServer;
			productName = RunningAppServer;
			productReference = 3006EEE5223928940037E9BC /* RunningAppServer.framework */;
			productType = "com.apple.product-type.framework";
		};
		30794FC42239146A006065A5 /* RunningApp */ = {
			isa = PBXNativeTarget;
			buildConfigurationList = 30794FD72239146B006065A5 /* Build configuration list for PBXNativeTarget "RunningApp" */;
			buildPhases = (
				37D4931A94CEDC3E8B3ADF1F /* [CP] Check Pods Manifest.lock */,
				3006EEDD223926960037E9BC /* R.swift */,
				30794FC12239146A006065A5 /* Sources */,
				30794FC22239146A006065A5 /* Frameworks */,
				30794FC32239146A006065A5 /* Resources */,
				36CFFC8F2C3F2AB7F29D1662 /* [CP] Embed Pods Frameworks */,
				3006EEF1223928940037E9BC /* Embed Frameworks */,
			);
			buildRules = (
			);
			dependencies = (
				3006EF0822392FCC0037E9BC /* PBXTargetDependency */,
			);
			name = RunningApp;
			productName = RunningApp;
			productReference = 30794FC52239146A006065A5 /* RunningApp.app */;
			productType = "com.apple.product-type.application";
		};
/* End PBXNativeTarget section */

/* Begin PBXProject section */
		30794FBD2239146A006065A5 /* Project object */ = {
			isa = PBXProject;
			attributes = {
				LastSwiftUpdateCheck = 1010;
				LastUpgradeCheck = 1010;
				ORGANIZATIONNAME = SimicAleksandar;
				TargetAttributes = {
					3006EEE4223928940037E9BC = {
						CreatedOnToolsVersion = 10.1;
						LastSwiftMigration = 1010;
					};
					30794FC42239146A006065A5 = {
						CreatedOnToolsVersion = 10.1;
					};
				};
			};
			buildConfigurationList = 30794FC02239146A006065A5 /* Build configuration list for PBXProject "RunningApp" */;
			compatibilityVersion = "Xcode 9.3";
			developmentRegion = en;
			hasScannedForEncodings = 0;
			knownRegions = (
				en,
				Base,
			);
			mainGroup = 30794FBC2239146A006065A5;
			productRefGroup = 30794FC62239146A006065A5 /* Products */;
			projectDirPath = "";
			projectRoot = "";
			targets = (
				30794FC42239146A006065A5 /* RunningApp */,
				3006EEE4223928940037E9BC /* RunningAppServer */,
			);
		};
/* End PBXProject section */

/* Begin PBXResourcesBuildPhase section */
		3006EEE3223928940037E9BC /* Resources */ = {
			isa = PBXResourcesBuildPhase;
			buildActionMask = 2147483647;
			files = (
				3006EF0E223931590037E9BC /* user.json in Resources */,
			);
			runOnlyForDeploymentPostprocessing = 0;
		};
		30794FC32239146A006065A5 /* Resources */ = {
			isa = PBXResourcesBuildPhase;
			buildActionMask = 2147483647;
			files = (
				30794FD32239146B006065A5 /* LaunchScreen.storyboard in Resources */,
				3006EF8B2239ADE60037E9BC /* LocalizedStrings.strings in Resources */,
				3006EF5A22399C530037E9BC /* Onboarding.storyboard in Resources */,
				30794FD02239146B006065A5 /* Assets.xcassets in Resources */,
				30618A78223915F500E9E340 /* Podfile in Resources */,
				30794FCE2239146A006065A5 /* Main.storyboard in Resources */,
			);
			runOnlyForDeploymentPostprocessing = 0;
		};
/* End PBXResourcesBuildPhase section */

/* Begin PBXShellScriptBuildPhase section */
		0FA5749029F231CF8E32C75B /* [CP] Check Pods Manifest.lock */ = {
			isa = PBXShellScriptBuildPhase;
			buildActionMask = 2147483647;
			files = (
			);
			inputFileListPaths = (
			);
			inputPaths = (
				"${PODS_PODFILE_DIR_PATH}/Podfile.lock",
				"${PODS_ROOT}/Manifest.lock",
			);
			name = "[CP] Check Pods Manifest.lock";
			outputFileListPaths = (
			);
			outputPaths = (
				"$(DERIVED_FILE_DIR)/Pods-RunningAppServer-checkManifestLockResult.txt",
			);
			runOnlyForDeploymentPostprocessing = 0;
			shellPath = /bin/sh;
			shellScript = "diff \"${PODS_PODFILE_DIR_PATH}/Podfile.lock\" \"${PODS_ROOT}/Manifest.lock\" > /dev/null\nif [ $? != 0 ] ; then\n    # print error to STDERR\n    echo \"error: The sandbox is not in sync with the Podfile.lock. Run 'pod install' or update your CocoaPods installation.\" >&2\n    exit 1\nfi\n# This output is used by Xcode 'outputs' to avoid re-running this script phase.\necho \"SUCCESS\" > \"${SCRIPT_OUTPUT_FILE_0}\"\n";
			showEnvVarsInLog = 0;
		};
		3006EEDD223926960037E9BC /* R.swift */ = {
			isa = PBXShellScriptBuildPhase;
			buildActionMask = 2147483647;
			files = (
			);
			inputFileListPaths = (
			);
			inputPaths = (
				"$TEMP_DIR/rswift-lastrun",
			);
			name = R.swift;
			outputFileListPaths = (
			);
			outputPaths = (
				$SRCROOT/R.generated.swift,
			);
			runOnlyForDeploymentPostprocessing = 0;
			shellPath = /bin/sh;
			shellScript = "# Type a script or drag a script file from your workspace to insert its path.\n\"$PODS_ROOT/R.swift/rswift\" generate \"$SRCROOT/R.generated.swift\"\n";
		};
		3006EF09223930700037E9BC /* R.swift */ = {
			isa = PBXShellScriptBuildPhase;
			buildActionMask = 2147483647;
			files = (
			);
			inputFileListPaths = (
			);
			inputPaths = (
				"$TEMP_DIR/rswift-lastrun",
			);
			name = R.swift;
			outputFileListPaths = (
			);
			outputPaths = (
				$SRCROOT/RunningAppServer/R.generated.swift,
			);
			runOnlyForDeploymentPostprocessing = 0;
			shellPath = /bin/sh;
			shellScript = "# Type a script or drag a script file from your workspace to insert its path.\n\"$PODS_ROOT/R.swift/rswift\" generate \"$SRCROOT/RunningAppServer/R.generated.swift\"\n";
		};
		36CFFC8F2C3F2AB7F29D1662 /* [CP] Embed Pods Frameworks */ = {
			isa = PBXShellScriptBuildPhase;
			buildActionMask = 2147483647;
			files = (
			);
			inputFileListPaths = (
			);
			inputPaths = (
				"${PODS_ROOT}/Target Support Files/Pods-RunningApp/Pods-RunningApp-frameworks.sh",
				"${BUILT_PRODUCTS_DIR}/Alamofire/Alamofire.framework",
				"${BUILT_PRODUCTS_DIR}/DynamicColor/DynamicColor.framework",
				"${BUILT_PRODUCTS_DIR}/R.swift.Library/Rswift.framework",
				"${BUILT_PRODUCTS_DIR}/RxAtomic/RxAtomic.framework",
				"${BUILT_PRODUCTS_DIR}/RxCocoa/RxCocoa.framework",
				"${BUILT_PRODUCTS_DIR}/RxSwift/RxSwift.framework",
				"${BUILT_PRODUCTS_DIR}/SAMKeychain/SAMKeychain.framework",
				"${BUILT_PRODUCTS_DIR}/SnapKit/SnapKit.framework",
				"${BUILT_PRODUCTS_DIR}/Swifter/Swifter.framework",
			);
			name = "[CP] Embed Pods Frameworks";
			outputFileListPaths = (
			);
			outputPaths = (
				"${TARGET_BUILD_DIR}/${FRAMEWORKS_FOLDER_PATH}/Alamofire.framework",
				"${TARGET_BUILD_DIR}/${FRAMEWORKS_FOLDER_PATH}/DynamicColor.framework",
				"${TARGET_BUILD_DIR}/${FRAMEWORKS_FOLDER_PATH}/Rswift.framework",
				"${TARGET_BUILD_DIR}/${FRAMEWORKS_FOLDER_PATH}/RxAtomic.framework",
				"${TARGET_BUILD_DIR}/${FRAMEWORKS_FOLDER_PATH}/RxCocoa.framework",
				"${TARGET_BUILD_DIR}/${FRAMEWORKS_FOLDER_PATH}/RxSwift.framework",
				"${TARGET_BUILD_DIR}/${FRAMEWORKS_FOLDER_PATH}/SAMKeychain.framework",
				"${TARGET_BUILD_DIR}/${FRAMEWORKS_FOLDER_PATH}/SnapKit.framework",
				"${TARGET_BUILD_DIR}/${FRAMEWORKS_FOLDER_PATH}/Swifter.framework",
			);
			runOnlyForDeploymentPostprocessing = 0;
			shellPath = /bin/sh;
			shellScript = "\"${PODS_ROOT}/Target Support Files/Pods-RunningApp/Pods-RunningApp-frameworks.sh\"\n";
			showEnvVarsInLog = 0;
		};
		37D4931A94CEDC3E8B3ADF1F /* [CP] Check Pods Manifest.lock */ = {
			isa = PBXShellScriptBuildPhase;
			buildActionMask = 2147483647;
			files = (
			);
			inputFileListPaths = (
			);
			inputPaths = (
				"${PODS_PODFILE_DIR_PATH}/Podfile.lock",
				"${PODS_ROOT}/Manifest.lock",
			);
			name = "[CP] Check Pods Manifest.lock";
			outputFileListPaths = (
			);
			outputPaths = (
				"$(DERIVED_FILE_DIR)/Pods-RunningApp-checkManifestLockResult.txt",
			);
			runOnlyForDeploymentPostprocessing = 0;
			shellPath = /bin/sh;
			shellScript = "diff \"${PODS_PODFILE_DIR_PATH}/Podfile.lock\" \"${PODS_ROOT}/Manifest.lock\" > /dev/null\nif [ $? != 0 ] ; then\n    # print error to STDERR\n    echo \"error: The sandbox is not in sync with the Podfile.lock. Run 'pod install' or update your CocoaPods installation.\" >&2\n    exit 1\nfi\n# This output is used by Xcode 'outputs' to avoid re-running this script phase.\necho \"SUCCESS\" > \"${SCRIPT_OUTPUT_FILE_0}\"\n";
			showEnvVarsInLog = 0;
		};
/* End PBXShellScriptBuildPhase section */

/* Begin PBXSourcesBuildPhase section */
		3006EEE1223928940037E9BC /* Sources */ = {
			isa = PBXSourcesBuildPhase;
			buildActionMask = 2147483647;
			files = (
				3006EEF5223929AC0037E9BC /* Server+Constants.swift in Sources */,
				3006EEF722392A280037E9BC /* API.swift in Sources */,
				3006EEF3223929720037E9BC /* Server.swift in Sources */,
				3006EF0B223930F10037E9BC /* R.generated.swift in Sources */,
			);
			runOnlyForDeploymentPostprocessing = 0;
		};
		30794FC12239146A006065A5 /* Sources */ = {
			isa = PBXSourcesBuildPhase;
			buildActionMask = 2147483647;
			files = (
				3006EF8D2239AF990037E9BC /* UIViewController+Push.swift in Sources */,
				3006EF5822399B1D0037E9BC /* LoginViewController.swift in Sources */,
				3006EF2C22393D500037E9BC /* AppCoordinator.swift in Sources */,
				3006EF52223969610037E9BC /* Repository+User.swift in Sources */,
				3006EF3E223941590037E9BC /* Constant.swift in Sources */,
				3006EF55223998D90037E9BC /* OnboardingCoordinator.swift in Sources */,
				3006EF9C2239B4AA0037E9BC /* AlertAction.swift in Sources */,
				3006EF50223968E50037E9BC /* Repository+Session.swift in Sources */,
				3006EF37223940350037E9BC /* SwitchRootViewController.swift in Sources */,
				3006EF952239B3750037E9BC /* PresentViewController.swift in Sources */,
				3006EF8F2239B00F0037E9BC /* Array+Stack.swift in Sources */,
				3006EF3422393FFB0037E9BC /* Actionable.swift in Sources */,
				3006EF632239A2700037E9BC /* LoginViewModel.swift in Sources */,
				3006EF612239A16F0037E9BC /* User.swift in Sources */,
				3006EF3222393FE20037E9BC /* Action.swift in Sources */,
				3006EF162239363A0037E9BC /* Configuration.swift in Sources */,
				3006EF972239B3A10037E9BC /* UIApplication+TopViewController.swift in Sources */,
				3006EF45223965F90037E9BC /* Constant+SplashScreen.swift in Sources */,
				3006EF5E22399F140037E9BC /* OnboardingViewController.swift in Sources */,
				30794FCB2239146A006065A5 /* ViewController.swift in Sources */,
				3006EF6C2239A9200037E9BC /* String+MatchesPattern.swift in Sources */,
				3006EF142239361F0037E9BC /* ApplicationConfiguration.swift in Sources */,
				3006EF4D223968780037E9BC /* Repository.swift in Sources */,
				30794FC92239146A006065A5 /* AppDelegate.swift in Sources */,
				3006EF2722393D080037E9BC /* Coordinated.swift in Sources */,
				3006EF932239B2410037E9BC /* PresentAlert.swift in Sources */,
				3006EF9E2239B6140037E9BC /* AlertAction+Default.swift in Sources */,
				3006EF18223936C40037E9BC /* ConfigurationType.swift in Sources */,
				3006EF912239B2110037E9BC /* UITextField+SafeText.swift in Sources */,
				3006EF2922393D220037E9BC /* ParentChildCoordinators.swift in Sources */,
				3006EF672239A7CE0037E9BC /* Constant+Auth.swift in Sources */,
				3006EEDF223927820037E9BC /* R.generated.swift in Sources */,
				3006EF3B223941270037E9BC /* UIApplication+CurrentWindow.swift in Sources */,
				3006EF1F223938160037E9BC /* ReleaseConfiguration.swift in Sources */,
				3006EF992239B41D0037E9BC /* NSObject+ClassName.swift in Sources */,
				3006EF652239A7820037E9BC /* LoginError.swift in Sources */,
				3006EF1D223937C40037E9BC /* TestConfiguration.swift in Sources */,
				3006EF692239A7FF0037E9BC /* String+IsEmail.swift in Sources */,
				3006EF4A2239667E0037E9BC /* Singleton.swift in Sources */,
				3006EF2522393CF40037E9BC /* Coordinator.swift in Sources */,
				3006EF422239603C0037E9BC /* Op.swift in Sources */,
				3006EF48223966540037E9BC /* Schedulers.swift in Sources */,
				3006EF40223941730037E9BC /* Constant+RootViewControllerTransition.swift in Sources */,
			);
			runOnlyForDeploymentPostprocessing = 0;
		};
/* End PBXSourcesBuildPhase section */

/* Begin PBXTargetDependency section */
		3006EF0822392FCC0037E9BC /* PBXTargetDependency */ = {
			isa = PBXTargetDependency;
			target = 3006EEE4223928940037E9BC /* RunningAppServer */;
			targetProxy = 3006EF0722392FCC0037E9BC /* PBXContainerItemProxy */;
		};
/* End PBXTargetDependency section */

/* Begin PBXVariantGroup section */
		30794FCC2239146A006065A5 /* Main.storyboard */ = {
			isa = PBXVariantGroup;
			children = (
				30794FCD2239146A006065A5 /* Base */,
			);
			name = Main.storyboard;
			sourceTree = "<group>";
		};
		30794FD12239146B006065A5 /* LaunchScreen.storyboard */ = {
			isa = PBXVariantGroup;
			children = (
				30794FD22239146B006065A5 /* Base */,
			);
			name = LaunchScreen.storyboard;
			sourceTree = "<group>";
		};
/* End PBXVariantGroup section */

/* Begin XCBuildConfiguration section */
		3006EEEF223928940037E9BC /* Test */ = {
			isa = XCBuildConfiguration;
			baseConfigurationReference = CC2F443B478A16C66B6C4CA0 /* Pods-RunningAppServer.test.xcconfig */;
			buildSettings = {
				CLANG_ENABLE_MODULES = YES;
				CODE_SIGN_IDENTITY = "";
				CODE_SIGN_STYLE = Automatic;
				CURRENT_PROJECT_VERSION = 1;
				DEFINES_MODULE = YES;
				DEVELOPMENT_TEAM = 6GGX8R5T5R;
				DYLIB_COMPATIBILITY_VERSION = 1;
				DYLIB_CURRENT_VERSION = 1;
				DYLIB_INSTALL_NAME_BASE = "@rpath";
				INFOPLIST_FILE = RunningAppServer/Info.plist;
				INSTALL_PATH = "$(LOCAL_LIBRARY_DIR)/Frameworks";
				LD_RUNPATH_SEARCH_PATHS = (
					"$(inherited)",
					"@executable_path/Frameworks",
					"@loader_path/Frameworks",
				);
				PRODUCT_BUNDLE_IDENTIFIER = com.simicaleksandar.RunningAppServer;
				PRODUCT_NAME = "$(TARGET_NAME:c99extidentifier)";
				SKIP_INSTALL = YES;
				SWIFT_OPTIMIZATION_LEVEL = "-Onone";
				SWIFT_VERSION = 4.2;
				TARGETED_DEVICE_FAMILY = "1,2";
				VERSIONING_SYSTEM = "apple-generic";
				VERSION_INFO_PREFIX = "";
			};
			name = Test;
		};
		3006EEF0223928940037E9BC /* Release */ = {
			isa = XCBuildConfiguration;
			baseConfigurationReference = E9EEBFB8D62724EC28BF921B /* Pods-RunningAppServer.release.xcconfig */;
			buildSettings = {
				CLANG_ENABLE_MODULES = YES;
				CODE_SIGN_IDENTITY = "";
				CODE_SIGN_STYLE = Automatic;
				CURRENT_PROJECT_VERSION = 1;
				DEFINES_MODULE = YES;
				DEVELOPMENT_TEAM = 6GGX8R5T5R;
				DYLIB_COMPATIBILITY_VERSION = 1;
				DYLIB_CURRENT_VERSION = 1;
				DYLIB_INSTALL_NAME_BASE = "@rpath";
				INFOPLIST_FILE = RunningAppServer/Info.plist;
				INSTALL_PATH = "$(LOCAL_LIBRARY_DIR)/Frameworks";
				LD_RUNPATH_SEARCH_PATHS = (
					"$(inherited)",
					"@executable_path/Frameworks",
					"@loader_path/Frameworks",
				);
				PRODUCT_BUNDLE_IDENTIFIER = com.simicaleksandar.RunningAppServer;
				PRODUCT_NAME = "$(TARGET_NAME:c99extidentifier)";
				SKIP_INSTALL = YES;
				SWIFT_VERSION = 4.2;
				TARGETED_DEVICE_FAMILY = "1,2";
				VERSIONING_SYSTEM = "apple-generic";
				VERSION_INFO_PREFIX = "";
			};
			name = Release;
		};
		30794FD52239146B006065A5 /* Test */ = {
			isa = XCBuildConfiguration;
			buildSettings = {
				ALWAYS_SEARCH_USER_PATHS = NO;
				CLANG_ANALYZER_NONNULL = YES;
				CLANG_ANALYZER_NUMBER_OBJECT_CONVERSION = YES_AGGRESSIVE;
				CLANG_CXX_LANGUAGE_STANDARD = "gnu++14";
				CLANG_CXX_LIBRARY = "libc++";
				CLANG_ENABLE_MODULES = YES;
				CLANG_ENABLE_OBJC_ARC = YES;
				CLANG_ENABLE_OBJC_WEAK = YES;
				CLANG_WARN_BLOCK_CAPTURE_AUTORELEASING = YES;
				CLANG_WARN_BOOL_CONVERSION = YES;
				CLANG_WARN_COMMA = YES;
				CLANG_WARN_CONSTANT_CONVERSION = YES;
				CLANG_WARN_DEPRECATED_OBJC_IMPLEMENTATIONS = YES;
				CLANG_WARN_DIRECT_OBJC_ISA_USAGE = YES_ERROR;
				CLANG_WARN_DOCUMENTATION_COMMENTS = YES;
				CLANG_WARN_EMPTY_BODY = YES;
				CLANG_WARN_ENUM_CONVERSION = YES;
				CLANG_WARN_INFINITE_RECURSION = YES;
				CLANG_WARN_INT_CONVERSION = YES;
				CLANG_WARN_NON_LITERAL_NULL_CONVERSION = YES;
				CLANG_WARN_OBJC_IMPLICIT_RETAIN_SELF = YES;
				CLANG_WARN_OBJC_LITERAL_CONVERSION = YES;
				CLANG_WARN_OBJC_ROOT_CLASS = YES_ERROR;
				CLANG_WARN_RANGE_LOOP_ANALYSIS = YES;
				CLANG_WARN_STRICT_PROTOTYPES = YES;
				CLANG_WARN_SUSPICIOUS_MOVE = YES;
				CLANG_WARN_UNGUARDED_AVAILABILITY = YES_AGGRESSIVE;
				CLANG_WARN_UNREACHABLE_CODE = YES;
				CLANG_WARN__DUPLICATE_METHOD_MATCH = YES;
				CODE_SIGN_IDENTITY = "iPhone Developer";
				COPY_PHASE_STRIP = NO;
				DEBUG_INFORMATION_FORMAT = dwarf;
				"DEBUG_INFORMATION_FORMAT[sdk=*]" = dwarf;
				ENABLE_STRICT_OBJC_MSGSEND = YES;
				ENABLE_TESTABILITY = YES;
				GCC_C_LANGUAGE_STANDARD = gnu11;
				GCC_DYNAMIC_NO_PIC = NO;
				GCC_NO_COMMON_BLOCKS = YES;
				GCC_OPTIMIZATION_LEVEL = 0;
				GCC_PREPROCESSOR_DEFINITIONS = (
					"DEBUG=1",
					"$(inherited)",
				);
				GCC_WARN_64_TO_32_BIT_CONVERSION = YES;
				GCC_WARN_ABOUT_RETURN_TYPE = YES_ERROR;
				GCC_WARN_UNDECLARED_SELECTOR = YES;
				GCC_WARN_UNINITIALIZED_AUTOS = YES_AGGRESSIVE;
				GCC_WARN_UNUSED_FUNCTION = YES;
				GCC_WARN_UNUSED_VARIABLE = YES;
				IPHONEOS_DEPLOYMENT_TARGET = 12.1;
				MTL_ENABLE_DEBUG_INFO = INCLUDE_SOURCE;
				MTL_FAST_MATH = YES;
				ONLY_ACTIVE_ARCH = YES;
				SDKROOT = iphoneos;
				SWIFT_ACTIVE_COMPILATION_CONDITIONS = DEBUG;
				SWIFT_OPTIMIZATION_LEVEL = "-Onone";
			};
			name = Test;
		};
		30794FD62239146B006065A5 /* Release */ = {
			isa = XCBuildConfiguration;
			buildSettings = {
				ALWAYS_SEARCH_USER_PATHS = NO;
				CLANG_ANALYZER_NONNULL = YES;
				CLANG_ANALYZER_NUMBER_OBJECT_CONVERSION = YES_AGGRESSIVE;
				CLANG_CXX_LANGUAGE_STANDARD = "gnu++14";
				CLANG_CXX_LIBRARY = "libc++";
				CLANG_ENABLE_MODULES = YES;
				CLANG_ENABLE_OBJC_ARC = YES;
				CLANG_ENABLE_OBJC_WEAK = YES;
				CLANG_WARN_BLOCK_CAPTURE_AUTORELEASING = YES;
				CLANG_WARN_BOOL_CONVERSION = YES;
				CLANG_WARN_COMMA = YES;
				CLANG_WARN_CONSTANT_CONVERSION = YES;
				CLANG_WARN_DEPRECATED_OBJC_IMPLEMENTATIONS = YES;
				CLANG_WARN_DIRECT_OBJC_ISA_USAGE = YES_ERROR;
				CLANG_WARN_DOCUMENTATION_COMMENTS = YES;
				CLANG_WARN_EMPTY_BODY = YES;
				CLANG_WARN_ENUM_CONVERSION = YES;
				CLANG_WARN_INFINITE_RECURSION = YES;
				CLANG_WARN_INT_CONVERSION = YES;
				CLANG_WARN_NON_LITERAL_NULL_CONVERSION = YES;
				CLANG_WARN_OBJC_IMPLICIT_RETAIN_SELF = YES;
				CLANG_WARN_OBJC_LITERAL_CONVERSION = YES;
				CLANG_WARN_OBJC_ROOT_CLASS = YES_ERROR;
				CLANG_WARN_RANGE_LOOP_ANALYSIS = YES;
				CLANG_WARN_STRICT_PROTOTYPES = YES;
				CLANG_WARN_SUSPICIOUS_MOVE = YES;
				CLANG_WARN_UNGUARDED_AVAILABILITY = YES_AGGRESSIVE;
				CLANG_WARN_UNREACHABLE_CODE = YES;
				CLANG_WARN__DUPLICATE_METHOD_MATCH = YES;
				CODE_SIGN_IDENTITY = "iPhone Developer";
				COPY_PHASE_STRIP = NO;
				DEBUG_INFORMATION_FORMAT = "dwarf-with-dsym";
				ENABLE_NS_ASSERTIONS = NO;
				ENABLE_STRICT_OBJC_MSGSEND = YES;
				GCC_C_LANGUAGE_STANDARD = gnu11;
				GCC_NO_COMMON_BLOCKS = YES;
				GCC_WARN_64_TO_32_BIT_CONVERSION = YES;
				GCC_WARN_ABOUT_RETURN_TYPE = YES_ERROR;
				GCC_WARN_UNDECLARED_SELECTOR = YES;
				GCC_WARN_UNINITIALIZED_AUTOS = YES_AGGRESSIVE;
				GCC_WARN_UNUSED_FUNCTION = YES;
				GCC_WARN_UNUSED_VARIABLE = YES;
				IPHONEOS_DEPLOYMENT_TARGET = 12.1;
				MTL_ENABLE_DEBUG_INFO = NO;
				MTL_FAST_MATH = YES;
				SDKROOT = iphoneos;
				SWIFT_COMPILATION_MODE = wholemodule;
				SWIFT_OPTIMIZATION_LEVEL = "-O";
				VALIDATE_PRODUCT = YES;
			};
			name = Release;
		};
		30794FD82239146B006065A5 /* Test */ = {
			isa = XCBuildConfiguration;
			baseConfigurationReference = F9BE4CBE22F4E685E92E2540 /* Pods-RunningApp.test.xcconfig */;
			buildSettings = {
				ALWAYS_EMBED_SWIFT_STANDARD_LIBRARIES = YES;
				ASSETCATALOG_COMPILER_APPICON_NAME = AppIcon;
				CODE_SIGN_STYLE = Automatic;
				DEVELOPMENT_TEAM = 6GGX8R5T5R;
				INFOPLIST_FILE = RunningApp/Info.plist;
				LD_RUNPATH_SEARCH_PATHS = (
					"$(inherited)",
					"@executable_path/Frameworks",
				);
				PRODUCT_BUNDLE_IDENTIFIER = com.simicaleksandar.RunningApp;
				PRODUCT_NAME = "$(TARGET_NAME)";
				SWIFT_VERSION = 4.2;
				TARGETED_DEVICE_FAMILY = "1,2";
			};
			name = Test;
		};
		30794FD92239146B006065A5 /* Release */ = {
			isa = XCBuildConfiguration;
			baseConfigurationReference = EB272CDFF020CAE76191989E /* Pods-RunningApp.release.xcconfig */;
			buildSettings = {
				ALWAYS_EMBED_SWIFT_STANDARD_LIBRARIES = YES;
				ASSETCATALOG_COMPILER_APPICON_NAME = AppIcon;
				CODE_SIGN_STYLE = Automatic;
				DEVELOPMENT_TEAM = 6GGX8R5T5R;
				INFOPLIST_FILE = RunningApp/Info.plist;
				LD_RUNPATH_SEARCH_PATHS = (
					"$(inherited)",
					"@executable_path/Frameworks",
				);
				PRODUCT_BUNDLE_IDENTIFIER = com.simicaleksandar.RunningApp;
				PRODUCT_NAME = "$(TARGET_NAME)";
				SWIFT_VERSION = 4.2;
				TARGETED_DEVICE_FAMILY = "1,2";
			};
			name = Release;
		};
/* End XCBuildConfiguration section */

/* Begin XCConfigurationList section */
		3006EEEE223928940037E9BC /* Build configuration list for PBXNativeTarget "RunningAppServer" */ = {
			isa = XCConfigurationList;
			buildConfigurations = (
				3006EEEF223928940037E9BC /* Test */,
				3006EEF0223928940037E9BC /* Release */,
			);
			defaultConfigurationIsVisible = 0;
			defaultConfigurationName = Release;
		};
		30794FC02239146A006065A5 /* Build configuration list for PBXProject "RunningApp" */ = {
			isa = XCConfigurationList;
			buildConfigurations = (
				30794FD52239146B006065A5 /* Test */,
				30794FD62239146B006065A5 /* Release */,
			);
			defaultConfigurationIsVisible = 0;
			defaultConfigurationName = Release;
		};
		30794FD72239146B006065A5 /* Build configuration list for PBXNativeTarget "RunningApp" */ = {
			isa = XCConfigurationList;
			buildConfigurations = (
				30794FD82239146B006065A5 /* Test */,
				30794FD92239146B006065A5 /* Release */,
			);
			defaultConfigurationIsVisible = 0;
			defaultConfigurationName = Release;
		};
/* End XCConfigurationList section */
	};
	rootObject = 30794FBD2239146A006065A5 /* Project object */;
}
